
Microsoft Visual Studio Solution File, Format Version 12.00
# Visual Studio 2012
Project("{F2A71F9B-5D33-465A-A702-920D77279786}") = "WebSharper Client-Server Web App", "WebSharper Client-Server Web App\WebSharper Client-Server Web App.fsproj", "{D1F4CFC2-0764-4849-BA82-D5997725ACCD}"
EndProject
Global
	GlobalSection(SolutionConfigurationPlatforms) = preSolution
		Debug|Any CPU = Debug|Any CPU
		Release|Any CPU = Release|Any CPU
	EndGlobalSection
	GlobalSection(ProjectConfigurationPlatforms) = postSolution
		{D1F4CFC2-0764-4849-BA82-D5997725ACCD}.Debug|Any CPU.ActiveCfg = Debug|Any CPU
		{D1F4CFC2-0764-4849-BA82-D5997725ACCD}.Debug|Any CPU.Build.0 = Debug|Any CPU
		{D1F4CFC2-0764-4849-BA82-D5997725ACCD}.Release|Any CPU.ActiveCfg = Release|Any CPU
		{D1F4CFC2-0764-4849-BA82-D5997725ACCD}.Release|Any CPU.Build.0 = Release|Any CPU
	EndGlobalSection
	GlobalSection(SolutionProperties) = preSolution
		HideSolutionNode = FALSE
	EndGlobalSection
EndGlobal
